Microsoft Visual Studio Solution File, Format Version 10.00
# Visual Studio 2008
Project("{8BC9CEB8-8B4A-11D0-8D11-00A0C91BC942}") = "KhmerProfUIS", "KhmerProfUIS_900_ia64.vcproj", "{6B5543A2-6462-41B6-BCED-BD6649E0E81E}"
EndProject
Global
	GlobalSection(SolutionConfigurationPlatforms) = preSolution
		Khmer|Itanium = Khmer|Itanium
	EndGlobalSection
	GlobalSection(ProjectConfigurationPlatforms) = postSolution
		{6B5543A2-6462-41B6-BCED-BD6649E0E81E}.Khmer|Itanium.ActiveCfg = Khmer|Itanium
		{6B5543A2-6462-41B6-BCED-BD6649E0E81E}.Khmer|Itanium.Build.0 = Khmer|Itanium
	EndGlobalSection
	GlobalSection(SolutionProperties) = preSolution
		HideSolutionNode = FALSE
	EndGlobalSection
EndGlobal
