<?xml version="1.0" encoding="utf-8"?>
<Project ToolsVersion="4.0" xmlns="http://schemas.microsoft.com/developer/msbuild/2003">
  <ItemGroup>
    <Filter Include="Source Files">
      <UniqueIdentifier>{4FC737F1-C7A5-4376-A066-2A32D752A2FF}</UniqueIdentifier>
      <Extensions>cpp;c;cxx;def;odl;idl;hpj;bat;asm;asmx</Extensions>
    </Filter>
    <Filter Include="Header Files">
      <UniqueIdentifier>{93995380-89BD-4b04-88EB-625FBE52EBFB}</UniqueIdentifier>
      <Extensions>h;hpp;hxx;hm;inl;inc;xsd</Extensions>
    </Filter>
    <Filter Include="Resource Files">
      <UniqueIdentifier>{67DA6AB6-F800-4c08-8B7A-83BB121AAD01}</UniqueIdentifier>
      <Extensions>rc;ico;cur;bmp;dlg;rc2;rct;bin;rgs;gif;jpg;jpeg;jpe;resx</Extensions>
    </Filter>
  </ItemGroup>
  <ItemGroup>
    <ClCompile Include="AnimateDialog.cpp">
      <Filter>Source Files</Filter>
    </ClCompile>
    <ClCompile Include="BarContainerDialog.cpp">
      <Filter>Source Files</Filter>
    </ClCompile>
    <ClCompile Include="BaseColorDialog.cpp">
      <Filter>Source Files</Filter>
    </ClCompile>
    <ClCompile Include="BitmapToPicDialog.cpp">
      <Filter>Source Files</Filter>
    </ClCompile>
    <ClCompile Include="crysedit\CCrystalEditView.cpp">
      <Filter>Source Files</Filter>
    </ClCompile>
    <ClCompile Include="crysedit\CCrystalTextBuffer.cpp">
      <Filter>Source Files</Filter>
    </ClCompile>
    <ClCompile Include="crysedit\CCrystalTextView.cpp">
      <Filter>Source Files</Filter>
    </ClCompile>
    <ClCompile Include="crysedit\CCrystalTextView2.cpp">
      <Filter>Source Files</Filter>
    </ClCompile>
    <ClCompile Include="crysedit\CEditReplaceDlg.cpp">
      <Filter>Source Files</Filter>
    </ClCompile>
    <ClCompile Include="crysedit\CFindTextDlg.cpp">
      <Filter>Source Files</Filter>
    </ClCompile>
    <ClCompile Include="ChooseColorAdvancedDialog.cpp">
      <Filter>Source Files</Filter>
    </ClCompile>
    <ClCompile Include="ChooseColorDialog.cpp">
      <Filter>Source Files</Filter>
    </ClCompile>
    <ClCompile Include="ChooseColorStatic.cpp">
      <Filter>Source Files</Filter>
    </ClCompile>
    <ClCompile Include="ChoosePenStyleDialog.cpp">
      <Filter>Source Files</Filter>
    </ClCompile>
    <ClCompile Include="ChoosePriConDialog.cpp">
      <Filter>Source Files</Filter>
    </ClCompile>
    <ClCompile Include="ClassBrowser.cpp">
      <Filter>Source Files</Filter>
    </ClCompile>
    <ClCompile Include="ClassBrowserDialog.cpp">
      <Filter>Source Files</Filter>
    </ClCompile>
    <ClCompile Include="ClassBrowserInfo.cpp">
      <Filter>Source Files</Filter>
    </ClCompile>
    <ClCompile Include="CodeAutoComplete.cpp">
      <Filter>Source Files</Filter>
    </ClCompile>
    <ClCompile Include="Codec.cpp">
      <Filter>Source Files</Filter>
    </ClCompile>
    <ClCompile Include="CodeToolTips.cpp">
      <Filter>Source Files</Filter>
    </ClCompile>
    <ClCompile Include="ColorButton.cpp">
      <Filter>Source Files</Filter>
    </ClCompile>
    <ClCompile Include="ColoredToolTip.cpp">
      <Filter>Source Files</Filter>
    </ClCompile>
    <ClCompile Include="Compile\Compile.cpp">
      <Filter>Source Files</Filter>
    </ClCompile>
    <ClCompile Include="Compile\CompileContext.cpp">
      <Filter>Source Files</Filter>
    </ClCompile>
    <ClCompile Include="CompiledScript.cpp">
      <Filter>Source Files</Filter>
    </ClCompile>
    <ClCompile Include="Compile\CPPSyntaxParser.cpp">
      <Filter>Source Files</Filter>
    </ClCompile>
    <ClCompile Include="Compile\CPPTokenizer.cpp">
      <Filter>Source Files</Filter>
    </ClCompile>
    <ClCompile Include="CrystalScriptStream.cpp">
      <Filter>Source Files</Filter>
    </ClCompile>
    <ClCompile Include="CursorChildFrame.cpp">
      <Filter>Source Files</Filter>
    </ClCompile>
    <ClCompile Include="CursorDoc.cpp">
      <Filter>Source Files</Filter>
    </ClCompile>
    <ClCompile Include="CursorResource.cpp">
      <Filter>Source Files</Filter>
    </ClCompile>
    <ClCompile Include="Decompiler.cpp">
      <Filter>Source Files</Filter>
    </ClCompile>
    <ClCompile Include="DontShowAgainDialog.cpp">
      <Filter>Source Files</Filter>
    </ClCompile>
    <ClCompile Include="DrawHelper.cpp">
      <Filter>Source Files</Filter>
    </ClCompile>
    <ClCompile Include="ExtControlBarNoX.cpp">
      <Filter>Source Files</Filter>
    </ClCompile>
    <ClCompile Include="ExtDialogFwdCmd.cpp">
      <Filter>Source Files</Filter>
    </ClCompile>
    <ClCompile Include="FindAllDialog.cpp">
      <Filter>Source Files</Filter>
    </ClCompile>
    <ClCompile Include="FindWordDialog.cpp">
      <Filter>Source Files</Filter>
    </ClCompile>
    <ClCompile Include="FontChildFrame.cpp">
      <Filter>Source Files</Filter>
    </ClCompile>
    <ClCompile Include="FontDoc.cpp">
      <Filter>Source Files</Filter>
    </ClCompile>
    <ClCompile Include="FontPreviewView.cpp">
      <Filter>Source Files</Filter>
    </ClCompile>
    <ClCompile Include="FontResource.cpp">
      <Filter>Source Files</Filter>
    </ClCompile>
    <ClCompile Include="GamePropertiesDialog.cpp">
      <Filter>Source Files</Filter>
    </ClCompile>
    <ClCompile Include="GotoDialog.cpp">
      <Filter>Source Files</Filter>
    </ClCompile>
    <ClCompile Include="InsertObject.cpp">
      <Filter>Source Files</Filter>
    </ClCompile>
    <ClCompile Include="IntellisenseListBox.cpp">
      <Filter>Source Files</Filter>
    </ClCompile>
    <ClCompile Include="Compile\Kernels.cpp">
      <Filter>Source Files</Filter>
    </ClCompile>
    <ClCompile Include="MainFrm.cpp">
      <Filter>Source Files</Filter>
    </ClCompile>
    <ClCompile Include="MDITabChildWnd.cpp">
      <Filter>Source Files</Filter>
    </ClCompile>
    <ClCompile Include="MDITabsDialogBar.cpp">
      <Filter>Source Files</Filter>
    </ClCompile>
    <ClCompile Include="NewCompileDialog.cpp">
      <Filter>Source Files</Filter>
    </ClCompile>
    <ClCompile Include="NewGameDialog.cpp">
      <Filter>Source Files</Filter>
    </ClCompile>
    <ClCompile Include="NewRoomDialog.cpp">
      <Filter>Source Files</Filter>
    </ClCompile>
    <ClCompile Include="NewScriptDialog.cpp">
      <Filter>Source Files</Filter>
    </ClCompile>
    <ClCompile Include="NoFlickerStatic.cpp">
      <Filter>Source Files</Filter>
    </ClCompile>
    <ClCompile Include="NonViewHostDocument.cpp">
      <Filter>Source Files</Filter>
    </ClCompile>
    <ClCompile Include="OutputPane.cpp">
      <Filter>Source Files</Filter>
    </ClCompile>
    <ClCompile Include="PaletteDefinitionDialog.cpp">
      <Filter>Source Files</Filter>
    </ClCompile>
    <ClCompile Include="ParserCommon.cpp">
      <Filter>Source Files</Filter>
    </ClCompile>
    <ClCompile Include="PicChildFrame.cpp">
      <Filter>Source Files</Filter>
    </ClCompile>
    <ClCompile Include="PicCommandDialogBar.cpp">
      <Filter>Source Files</Filter>
    </ClCompile>
    <ClCompile Include="PicCommands.cpp">
      <Filter>Source Files</Filter>
    </ClCompile>
    <ClCompile Include="PicDoc.cpp">
      <Filter>Source Files</Filter>
    </ClCompile>
    <ClCompile Include="PicDrawManager.cpp">
      <Filter>Source Files</Filter>
    </ClCompile>
    <ClCompile Include="PicResource.cpp">
      <Filter>Source Files</Filter>
    </ClCompile>
    <ClCompile Include="PicView.cpp">
      <Filter>Source Files</Filter>
    </ClCompile>
    <ClCompile Include="Compile\PMachine.cpp">
      <Filter>Source Files</Filter>
    </ClCompile>
    <ClCompile Include="PreferencesDialog.cpp">
      <Filter>Source Files</Filter>
    </ClCompile>
    <ClCompile Include="QuickScripts.cpp">
      <Filter>Source Files</Filter>
    </ClCompile>
    <ClCompile Include="RasterDialogBar.cpp">
      <Filter>Source Files</Filter>
    </ClCompile>
    <ClCompile Include="RasterResourceDocument.cpp">
      <Filter>Source Files</Filter>
    </ClCompile>
    <ClCompile Include="RasterResourceListView.cpp">
      <Filter>Source Files</Filter>
    </ClCompile>
    <ClCompile Include="RasterView.cpp">
      <Filter>Source Files</Filter>
    </ClCompile>
    <ClCompile Include="RemoveScriptDialog.cpp">
      <Filter>Source Files</Filter>
    </ClCompile>
    <ClCompile Include="ResourceBase.cpp">
      <Filter>Source Files</Filter>
    </ClCompile>
    <ClCompile Include="ResourceData.cpp">
      <Filter>Source Files</Filter>
    </ClCompile>
    <ClCompile Include="ResourceDocument.cpp">
      <Filter>Source Files</Filter>
    </ClCompile>
    <ClCompile Include="ResourceListDoc.cpp">
      <Filter>Source Files</Filter>
    </ClCompile>
    <ClCompile Include="ResourceListView.cpp">
      <Filter>Source Files</Filter>
    </ClCompile>
    <ClCompile Include="ResourceManagerFrame.cpp">
      <Filter>Source Files</Filter>
    </ClCompile>
    <ClCompile Include="ResourceManagerView.cpp">
      <Filter>Source Files</Filter>
    </ClCompile>
    <ClCompile Include="ResourceMap.cpp">
      <Filter>Source Files</Filter>
    </ClCompile>
    <ClCompile Include="ResourcePicListView.cpp">
      <Filter>Source Files</Filter>
    </ClCompile>
    <ClCompile Include="ResourcePreviewer.cpp">
      <Filter>Source Files</Filter>
    </ClCompile>
    <ClCompile Include="ResourceRecency.cpp">
      <Filter>Source Files</Filter>
    </ClCompile>
    <ClCompile Include="ResourceTypeList.cpp">
      <Filter>Source Files</Filter>
    </ClCompile>
    <ClCompile Include="RoomExplorerDoc.cpp">
      <Filter>Source Files</Filter>
    </ClCompile>
    <ClCompile Include="RoomExplorerFrame.cpp">
      <Filter>Source Files</Filter>
    </ClCompile>
    <ClCompile Include="RoomExplorerView.cpp">
      <Filter>Source Files</Filter>
    </ClCompile>
    <ClCompile Include="SamplesDialogBar.cpp">
      <Filter>Source Files</Filter>
    </ClCompile>
    <ClCompile Include="SaveResourceDialog.cpp">
      <Filter>Source Files</Filter>
    </ClCompile>
    <ClCompile Include="SCIDocs.cpp">
      <Filter>Source Files</Filter>
    </ClCompile>
    <ClCompile Include="SCIFontDialog.cpp">
      <Filter>Source Files</Filter>
    </ClCompile>
    <ClCompile Include="Compile\scii.cpp">
      <Filter>Source Files</Filter>
    </ClCompile>
    <ClCompile Include="SCIPicEditor.cpp">
      <Filter>Source Files</Filter>
    </ClCompile>
    <ClCompile Include="SCIPropertyCtrl.cpp">
      <Filter>Source Files</Filter>
    </ClCompile>
    <ClCompile Include="SCIPropertyInfo.cpp">
      <Filter>Source Files</Filter>
    </ClCompile>
    <ClCompile Include="SCIProps.cpp">
      <Filter>Source Files</Filter>
    </ClCompile>
    <ClCompile Include="Compile\SCISyntaxParser.cpp">
      <Filter>Source Files</Filter>
    </ClCompile>
    <ClCompile Include="Compile\SCO.cpp">
      <Filter>Source Files</Filter>
    </ClCompile>
    <ClCompile Include="ScriptComboBox.cpp">
      <Filter>Source Files</Filter>
    </ClCompile>
    <ClCompile Include="ScriptDebug.cpp">
      <Filter>Source Files</Filter>
    </ClCompile>
    <ClCompile Include="ScriptDocument.cpp">
      <Filter>Source Files</Filter>
    </ClCompile>
    <ClCompile Include="ScriptFrame.cpp">
      <Filter>Source Files</Filter>
    </ClCompile>
    <ClCompile Include="Compile\ScriptOM.cpp">
      <Filter>Source Files</Filter>
    </ClCompile>
    <ClCompile Include="Compile\ScriptOMTraverse.cpp">
      <Filter>Source Files</Filter>
    </ClCompile>
    <ClCompile Include="ScriptView.cpp">
      <Filter>Source Files</Filter>
    </ClCompile>
    <ClCompile Include="SliderDialogBar.cpp">
      <Filter>Source Files</Filter>
    </ClCompile>
    <ClCompile Include="SoundChildFrame.cpp">
      <Filter>Source Files</Filter>
    </ClCompile>
    <ClCompile Include="SoundDoc.cpp">
      <Filter>Source Files</Filter>
    </ClCompile>
    <ClCompile Include="SoundResource.cpp">
      <Filter>Source Files</Filter>
    </ClCompile>
    <ClCompile Include="SoundToolboxDialogBar.cpp">
      <Filter>Source Files</Filter>
    </ClCompile>
    <ClCompile Include="SoundView.cpp">
      <Filter>Source Files</Filter>
    </ClCompile>
    <ClCompile Include="stdafx.cpp">
      <Filter>Source Files</Filter>
    </ClCompile>
    <ClCompile Include="Compile\SyntaxParser.cpp">
      <Filter>Source Files</Filter>
    </ClCompile>
    <ClCompile Include="TextChildFrame.cpp">
      <Filter>Source Files</Filter>
    </ClCompile>
    <ClCompile Include="TextDoc.cpp">
      <Filter>Source Files</Filter>
    </ClCompile>
    <ClCompile Include="TextResource.cpp">
      <Filter>Source Files</Filter>
    </ClCompile>
    <ClCompile Include="TextView.cpp">
      <Filter>Source Files</Filter>
    </ClCompile>
    <ClCompile Include="Compile\Types.cpp">
      <Filter>Source Files</Filter>
    </ClCompile>
    <ClCompile Include="util.cpp">
      <Filter>Source Files</Filter>
    </ClCompile>
    <ClCompile Include="ViewCelChooser.cpp">
      <Filter>Source Files</Filter>
    </ClCompile>
    <ClCompile Include="ViewChildFrame.cpp">
      <Filter>Source Files</Filter>
    </ClCompile>
    <ClCompile Include="ViewDoc.cpp">
      <Filter>Source Files</Filter>
    </ClCompile>
    <ClCompile Include="ViewResource.cpp">
      <Filter>Source Files</Filter>
    </ClCompile>
    <ClCompile Include="VisualScriptDialog.cpp">
      <Filter>Source Files</Filter>
    </ClCompile>
    <ClCompile Include="Vocab000.cpp">
      <Filter>Source Files</Filter>
    </ClCompile>
    <ClCompile Include="Vocab99x.cpp">
      <Filter>Source Files</Filter>
    </ClCompile>
    <ClCompile Include="VocabAutoCompleteDialog.cpp">
      <Filter>Source Files</Filter>
    </ClCompile>
    <ClCompile Include="VocabChildFrame.cpp">
      <Filter>Source Files</Filter>
    </ClCompile>
    <ClCompile Include="VocabDoc.cpp">
      <Filter>Source Files</Filter>
    </ClCompile>
    <ClCompile Include="VocabView.cpp">
      <Filter>Source Files</Filter>
    </ClCompile>
    <ClCompile Include="VPCDialogBar.cpp">
      <Filter>Source Files</Filter>
    </ClCompile>
    <ClCompile Include="WordEnumString.cpp">
      <Filter>Source Files</Filter>
    </ClCompile>
  </ItemGroup>
  <ItemGroup>
    <ClInclude Include="crysedit\CCrystalEditView.h">
      <Filter>Source Files</Filter>
    </ClInclude>
    <ClInclude Include="crysedit\CCrystalTextBuffer.h">
      <Filter>Source Files</Filter>
    </ClInclude>
    <ClInclude Include="crysedit\CCrystalTextView.h">
      <Filter>Source Files</Filter>
    </ClInclude>
    <ClInclude Include="crysedit\cedefs.h">
      <Filter>Source Files</Filter>
    </ClInclude>
    <ClInclude Include="crysedit\CEditReplaceDlg.h">
      <Filter>Source Files</Filter>
    </ClInclude>
    <ClInclude Include="crysedit\CFindTextDlg.h">
      <Filter>Source Files</Filter>
    </ClInclude>
    <ClInclude Include="Compile\CompileContext.h">
      <Filter>Source Files</Filter>
    </ClInclude>
    <ClInclude Include="Compile\CompileInterfaces.h">
      <Filter>Source Files</Filter>
    </ClInclude>
    <ClInclude Include="crysedit\editcmd.h">
      <Filter>Source Files</Filter>
    </ClInclude>
    <ClInclude Include="crysedit\editreg.h">
      <Filter>Source Files</Filter>
    </ClInclude>
    <ClInclude Include="ExtControlBarNoX.h">
      <Filter>Source Files</Filter>
    </ClInclude>
    <ClInclude Include="FontChildFrame.h">
      <Filter>Source Files</Filter>
    </ClInclude>
    <ClInclude Include="FontDoc.h">
      <Filter>Source Files</Filter>
    </ClInclude>
    <ClInclude Include="GamePropertiesDialog.h">
      <Filter>Source Files</Filter>
    </ClInclude>
    <ClInclude Include="Compile\Kernels.h">
      <Filter>Source Files</Filter>
    </ClInclude>
    <ClInclude Include="NewCompileDialog.h">
      <Filter>Source Files</Filter>
    </ClInclude>
    <ClInclude Include="PaletteDefinitionCallback.h">
      <Filter>Source Files</Filter>
    </ClInclude>
    <ClInclude Include="PicDoc.h">
      <Filter>Source Files</Filter>
    </ClInclude>
    <ClInclude Include="PicResource.h">
      <Filter>Source Files</Filter>
    </ClInclude>
    <ClInclude Include="PicView.h">
      <Filter>Source Files</Filter>
    </ClInclude>
    <ClInclude Include="Compile\PMachine.h">
      <Filter>Source Files</Filter>
    </ClInclude>
    <ClInclude Include="RasterResourceListView.h">
      <Filter>Source Files</Filter>
    </ClInclude>
    <ClInclude Include="RasterView.h">
      <Filter>Source Files</Filter>
    </ClInclude>
    <ClInclude Include="SamplesDialogBar.h">
      <Filter>Source Files</Filter>
    </ClInclude>
    <ClInclude Include="SCIDocs.h">
      <Filter>Source Files</Filter>
    </ClInclude>
    <ClInclude Include="Compile\scii.h">
      <Filter>Source Files</Filter>
    </ClInclude>
    <ClInclude Include="Compile\SCISyntaxParser.h">
      <Filter>Source Files</Filter>
    </ClInclude>
    <ClInclude Include="Compile\SCO.h">
      <Filter>Source Files</Filter>
    </ClInclude>
    <ClInclude Include="ScriptMakerHelper.h">
      <Filter>Source Files</Filter>
    </ClInclude>
    <ClInclude Include="Compile\ScriptOM.h">
      <Filter>Source Files</Filter>
    </ClInclude>
    <ClInclude Include="Compile\ScriptOMAll.h">
      <Filter>Source Files</Filter>
    </ClInclude>
    <ClInclude Include="SoundChildFrame.h">
      <Filter>Source Files</Filter>
    </ClInclude>
    <ClInclude Include="SoundDoc.h">
      <Filter>Source Files</Filter>
    </ClInclude>
    <ClInclude Include="SoundToolboxDialogBar.h">
      <Filter>Source Files</Filter>
    </ClInclude>
    <ClInclude Include="SoundView.h">
      <Filter>Source Files</Filter>
    </ClInclude>
    <ClInclude Include="Compile\SyntaxParser.h">
      <Filter>Source Files</Filter>
    </ClInclude>
    <ClInclude Include="Compile\Types.h">
      <Filter>Source Files</Filter>
    </ClInclude>
    <ClInclude Include="ViewCelChooser.h">
      <Filter>Source Files</Filter>
    </ClInclude>
    <ClInclude Include="ViewChildFrame.h">
      <Filter>Source Files</Filter>
    </ClInclude>
    <ClInclude Include="ViewDoc.h">
      <Filter>Source Files</Filter>
    </ClInclude>
    <ClInclude Include="ViewResource.h">
      <Filter>Source Files</Filter>
    </ClInclude>
    <ClInclude Include="Vocab99x.h">
      <Filter>Source Files</Filter>
    </ClInclude>
    <ClInclude Include="WordEnumString.h">
      <Filter>Source Files</Filter>
    </ClInclude>
    <ClInclude Include="AnimateDialog.h">
      <Filter>Header Files</Filter>
    </ClInclude>
    <ClInclude Include="BarContainerDialog.h">
      <Filter>Header Files</Filter>
    </ClInclude>
    <ClInclude Include="BaseColorDialog.h">
      <Filter>Header Files</Filter>
    </ClInclude>
    <ClInclude Include="BitmapToPicDialog.h">
      <Filter>Header Files</Filter>
    </ClInclude>
    <ClInclude Include="CelResource.h">
      <Filter>Header Files</Filter>
    </ClInclude>
    <ClInclude Include="ChooseColorAdvancedDialog.h">
      <Filter>Header Files</Filter>
    </ClInclude>
    <ClInclude Include="ChooseColorDialog.h">
      <Filter>Header Files</Filter>
    </ClInclude>
    <ClInclude Include="ChooseColorStatic.h">
      <Filter>Header Files</Filter>
    </ClInclude>
    <ClInclude Include="ChoosePenStyleDialog.h">
      <Filter>Header Files</Filter>
    </ClInclude>
    <ClInclude Include="ChoosePriConDialog.h">
      <Filter>Header Files</Filter>
    </ClInclude>
    <ClInclude Include="ClassBrowser.h">
      <Filter>Header Files</Filter>
    </ClInclude>
    <ClInclude Include="ClassBrowserDialog.h">
      <Filter>Header Files</Filter>
    </ClInclude>
    <ClInclude Include="ClassBrowserInfo.h">
      <Filter>Header Files</Filter>
    </ClInclude>
    <ClInclude Include="CodeAutoComplete.h">
      <Filter>Header Files</Filter>
    </ClInclude>
    <ClInclude Include="Codec.h">
      <Filter>Header Files</Filter>
    </ClInclude>
    <ClInclude Include="CodeToolTips.h">
      <Filter>Header Files</Filter>
    </ClInclude>
    <ClInclude Include="ColorButton.h">
      <Filter>Header Files</Filter>
    </ClInclude>
    <ClInclude Include="ColorDialogCallback.h">
      <Filter>Header Files</Filter>
    </ClInclude>
    <ClInclude Include="ColoredToolTip.h">
      <Filter>Header Files</Filter>
    </ClInclude>
    <ClInclude Include="CompiledScript.h">
      <Filter>Header Files</Filter>
    </ClInclude>
    <ClInclude Include="Compile\CPPSyntaxParser.h">
      <Filter>Header Files</Filter>
    </ClInclude>
    <ClInclude Include="CrystalScriptStream.h">
      <Filter>Header Files</Filter>
    </ClInclude>
    <ClInclude Include="CursorChildFrame.h">
      <Filter>Header Files</Filter>
    </ClInclude>
    <ClInclude Include="CursorDoc.h">
      <Filter>Header Files</Filter>
    </ClInclude>
    <ClInclude Include="CursorResource.h">
      <Filter>Header Files</Filter>
    </ClInclude>
    <ClInclude Include="Decompiler.h">
      <Filter>Header Files</Filter>
    </ClInclude>
    <ClInclude Include="Delegates.h">
      <Filter>Header Files</Filter>
    </ClInclude>
    <ClInclude Include="DialogFactory.h">
      <Filter>Header Files</Filter>
    </ClInclude>
    <ClInclude Include="DontShowAgainDialog.h">
      <Filter>Header Files</Filter>
    </ClInclude>
    <ClInclude Include="DrawHelper.h">
      <Filter>Header Files</Filter>
    </ClInclude>
    <ClInclude Include="ExtDialogFwdCmd.h">
      <Filter>Header Files</Filter>
    </ClInclude>
    <ClInclude Include="FindAllDialog.h">
      <Filter>Header Files</Filter>
    </ClInclude>
    <ClInclude Include="FindWordDialog.h">
      <Filter>Header Files</Filter>
    </ClInclude>
    <ClInclude Include="FontPreviewView.h">
      <Filter>Header Files</Filter>
    </ClInclude>
    <ClInclude Include="FontResource.h">
      <Filter>Header Files</Filter>
    </ClInclude>
    <ClInclude Include="GotoDialog.h">
      <Filter>Header Files</Filter>
    </ClInclude>
    <ClInclude Include="InsertObject.h">
      <Filter>Header Files</Filter>
    </ClInclude>
    <ClInclude Include="IntellisenseListBox.h">
      <Filter>Header Files</Filter>
    </ClInclude>
    <ClInclude Include="interfaces.h">
      <Filter>Header Files</Filter>
    </ClInclude>
    <ClInclude Include="MainFrm.h">
      <Filter>Header Files</Filter>
    </ClInclude>
    <ClInclude Include="MDITabChildWnd.h">
      <Filter>Header Files</Filter>
    </ClInclude>
    <ClInclude Include="MDITabsDialogBar.h">
      <Filter>Header Files</Filter>
    </ClInclude>
    <ClInclude Include="NewGameDialog.h">
      <Filter>Header Files</Filter>
    </ClInclude>
    <ClInclude Include="NewRoomDialog.h">
      <Filter>Header Files</Filter>
    </ClInclude>
    <ClInclude Include="NewScriptDialog.h">
      <Filter>Header Files</Filter>
    </ClInclude>
    <ClInclude Include="NoFlickerStatic.h">
      <Filter>Header Files</Filter>
    </ClInclude>
    <ClInclude Include="NonViewClient.h">
      <Filter>Header Files</Filter>
    </ClInclude>
    <ClInclude Include="NonViewHostDocument.h">
      <Filter>Header Files</Filter>
    </ClInclude>
    <ClInclude Include="OutputPane.h">
      <Filter>Header Files</Filter>
    </ClInclude>
    <ClInclude Include="PaletteDefinitionDialog.h">
      <Filter>Header Files</Filter>
    </ClInclude>
    <ClInclude Include="ParserCommon.h">
      <Filter>Header Files</Filter>
    </ClInclude>
    <ClInclude Include="PicChildFrame.h">
      <Filter>Header Files</Filter>
    </ClInclude>
    <ClInclude Include="PicCommandDialogBar.h">
      <Filter>Header Files</Filter>
    </ClInclude>
    <ClInclude Include="PicCommands.h">
      <Filter>Header Files</Filter>
    </ClInclude>
    <ClInclude Include="PicCommandsCommon.h">
      <Filter>Header Files</Filter>
    </ClInclude>
    <ClInclude Include="PicDrawManager.h">
      <Filter>Header Files</Filter>
    </ClInclude>
    <ClInclude Include="PreferencesDialog.h">
      <Filter>Header Files</Filter>
    </ClInclude>
    <ClInclude Include="PropEditCtrl.h">
      <Filter>Header Files</Filter>
    </ClInclude>
    <ClInclude Include="QueueItems.h">
      <Filter>Header Files</Filter>
    </ClInclude>
    <ClInclude Include="QuickScripts.h">
      <Filter>Header Files</Filter>
    </ClInclude>
    <ClInclude Include="RasterDialogBar.h">
      <Filter>Header Files</Filter>
    </ClInclude>
    <ClInclude Include="RasterResource.h">
      <Filter>Header Files</Filter>
    </ClInclude>
    <ClInclude Include="RasterResourceDocument.h">
      <Filter>Header Files</Filter>
    </ClInclude>
    <ClInclude Include="RemoveScriptDialog.h">
      <Filter>Header Files</Filter>
    </ClInclude>
    <ClInclude Include="crysedit\resource.h">
      <Filter>Header Files</Filter>
    </ClInclude>
    <ClInclude Include="Resource.h">
      <Filter>Header Files</Filter>
    </ClInclude>
    <ClInclude Include="ResourceBase.h">
      <Filter>Header Files</Filter>
    </ClInclude>
    <ClInclude Include="ResourceData.h">
      <Filter>Header Files</Filter>
    </ClInclude>
    <ClInclude Include="ResourceDocument.h">
      <Filter>Header Files</Filter>
    </ClInclude>
    <ClInclude Include="ResourceListDoc.h">
      <Filter>Header Files</Filter>
    </ClInclude>
    <ClInclude Include="ResourceListView.h">
      <Filter>Header Files</Filter>
    </ClInclude>
    <ClInclude Include="ResourceManagerFrame.h">
      <Filter>Header Files</Filter>
    </ClInclude>
    <ClInclude Include="ResourceManagerView.h">
      <Filter>Header Files</Filter>
    </ClInclude>
    <ClInclude Include="ResourceMap.h">
      <Filter>Header Files</Filter>
    </ClInclude>
    <ClInclude Include="ResourcePicListView.h">
      <Filter>Header Files</Filter>
    </ClInclude>
    <ClInclude Include="ResourcePreviewer.h">
      <Filter>Header Files</Filter>
    </ClInclude>
    <ClInclude Include="ResourceRecency.h">
      <Filter>Header Files</Filter>
    </ClInclude>
    <ClInclude Include="ResourceTypeList.h">
      <Filter>Header Files</Filter>
    </ClInclude>
    <ClInclude Include="RoomExplorerDoc.h">
      <Filter>Header Files</Filter>
    </ClInclude>
    <ClInclude Include="RoomExplorerFrame.h">
      <Filter>Header Files</Filter>
    </ClInclude>
    <ClInclude Include="RoomExplorerView.h">
      <Filter>Header Files</Filter>
    </ClInclude>
    <ClInclude Include="SaveResourceDialog.h">
      <Filter>Header Files</Filter>
    </ClInclude>
    <ClInclude Include="sci.h">
      <Filter>Header Files</Filter>
    </ClInclude>
    <ClInclude Include="SCIFontDialog.h">
      <Filter>Header Files</Filter>
    </ClInclude>
    <ClInclude Include="SCIPicEditor.h">
      <Filter>Header Files</Filter>
    </ClInclude>
    <ClInclude Include="SCIPropertyCtrl.h">
      <Filter>Header Files</Filter>
    </ClInclude>
    <ClInclude Include="SCIPropertyInfo.h">
      <Filter>Header Files</Filter>
    </ClInclude>
    <ClInclude Include="SCIProps.h">
      <Filter>Header Files</Filter>
    </ClInclude>
    <ClInclude Include="ScriptComboBox.h">
      <Filter>Header Files</Filter>
    </ClInclude>
    <ClInclude Include="ScriptDocument.h">
      <Filter>Header Files</Filter>
    </ClInclude>
    <ClInclude Include="ScriptFrame.h">
      <Filter>Header Files</Filter>
    </ClInclude>
    <ClInclude Include="ScriptView.h">
      <Filter>Header Files</Filter>
    </ClInclude>
    <ClInclude Include="ScrollingThing.h">
      <Filter>Header Files</Filter>
    </ClInclude>
    <ClInclude Include="SliderDialogBar.h">
      <Filter>Header Files</Filter>
    </ClInclude>
    <ClInclude Include="SoundResource.h">
      <Filter>Header Files</Filter>
    </ClInclude>
    <ClInclude Include="stdafx.h">
      <Filter>Header Files</Filter>
    </ClInclude>
    <ClInclude Include="StlUtil.h">
      <Filter>Header Files</Filter>
    </ClInclude>
    <ClInclude Include="TextChildFrame.h">
      <Filter>Header Files</Filter>
    </ClInclude>
    <ClInclude Include="TextDoc.h">
      <Filter>Header Files</Filter>
    </ClInclude>
    <ClInclude Include="TextResource.h">
      <Filter>Header Files</Filter>
    </ClInclude>
    <ClInclude Include="TextView.h">
      <Filter>Header Files</Filter>
    </ClInclude>
    <ClInclude Include="ToolTipResult.h">
      <Filter>Header Files</Filter>
    </ClInclude>
    <ClInclude Include="UndoResource.h">
      <Filter>Header Files</Filter>
    </ClInclude>
    <ClInclude Include="VisualScriptDialog.h">
      <Filter>Header Files</Filter>
    </ClInclude>
    <ClInclude Include="Vocab000.h">
      <Filter>Header Files</Filter>
    </ClInclude>
    <ClInclude Include="VocabAutoCompleteDialog.h">
      <Filter>Header Files</Filter>
    </ClInclude>
    <ClInclude Include="VocabChildFrame.h">
      <Filter>Header Files</Filter>
    </ClInclude>
    <ClInclude Include="VocabDoc.h">
      <Filter>Header Files</Filter>
    </ClInclude>
    <ClInclude Include="VocabView.h">
      <Filter>Header Files</Filter>
    </ClInclude>
    <ClInclude Include="VPCDialogBar.h">
      <Filter>Header Files</Filter>
    </ClInclude>
  </ItemGroup>
  <ItemGroup>
    <None Include="crysedit\CCrystalEditView.inl">
      <Filter>Source Files</Filter>
    </None>
    <None Include="crysedit\CCrystalTextBuffer.inl">
      <Filter>Source Files</Filter>
    </None>
    <None Include="crysedit\CCrystalTextView.inl">
      <Filter>Source Files</Filter>
    </None>
    <None Include="Test.xml">
      <Filter>Source Files</Filter>
    </None>
    <None Include="resource.hm">
      <Filter>Header Files</Filter>
    </None>
    <None Include="res\1_216.ico">
      <Filter>Resource Files</Filter>
    </None>
    <None Include="res\AffectAll.bmp">
      <Filter>Resource Files</Filter>
    </None>
    <None Include="res\alphable.bmp">
      <Filter>Resource Files</Filter>
    </None>
    <None Include="res\animate.ico">
      <Filter>Resource Files</Filter>
    </None>
    <None Include="res\bang.ico">
      <Filter>Resource Files</Filter>
    </None>
    <None Include="res\bitmap1.bmp">
      <Filter>Resource Files</Filter>
    </None>
    <None Include="res\bitmap3.bmp">
      <Filter>Resource Files</Filter>
    </None>
    <None Include="res\bitmap4.bmp">
      <Filter>Resource Files</Filter>
    </None>
    <None Include="res\bitmapcu.bmp">
      <Filter>Resource Files</Filter>
    </None>
    <None Include="res\bitmaplo.bmp">
      <Filter>Resource Files</Filter>
    </None>
    <None Include="res\bitmapup.bmp">
      <Filter>Resource Files</Filter>
    </None>
    <None Include="res\bmp00001.bmp">
      <Filter>Resource Files</Filter>
    </None>
    <None Include="res\bmp00002.bmp">
      <Filter>Resource Files</Filter>
    </None>
    <None Include="res\bmp00003.bmp">
      <Filter>Resource Files</Filter>
    </None>
    <None Include="res\bmp00004.bmp">
      <Filter>Resource Files</Filter>
    </None>
    <None Include="res\bmp00005.bmp">
      <Filter>Resource Files</Filter>
    </None>
    <None Include="res\bmp00006.bmp">
      <Filter>Resource Files</Filter>
    </None>
    <None Include="res\bmp00007.bmp">
      <Filter>Resource Files</Filter>
    </None>
    <None Include="res\bmp00008.bmp">
      <Filter>Resource Files</Filter>
    </None>
    <None Include="res\bmp00009.bmp">
      <Filter>Resource Files</Filter>
    </None>
    <None Include="res\bmp00010.bmp">
      <Filter>Resource Files</Filter>
    </None>
    <None Include="res\bmp00011.bmp">
      <Filter>Resource Files</Filter>
    </None>
    <None Include="res\bmp00012.bmp">
      <Filter>Resource Files</Filter>
    </None>
    <None Include="res\bmp00013.bmp">
      <Filter>Resource Files</Filter>
    </None>
    <None Include="res\bmp00014.bmp">
      <Filter>Resource Files</Filter>
    </None>
    <None Include="res\bmp00015.bmp">
      <Filter>Resource Files</Filter>
    </None>
    <None Include="res\bmp00016.bmp">
      <Filter>Resource Files</Filter>
    </None>
    <None Include="res\bmp00017.bmp">
      <Filter>Resource Files</Filter>
    </None>
    <None Include="res\bmp00018.bmp">
      <Filter>Resource Files</Filter>
    </None>
    <None Include="res\bmp00019.bmp">
      <Filter>Resource Files</Filter>
    </None>
    <None Include="res\bmp00020.bmp">
      <Filter>Resource Files</Filter>
    </None>
    <None Include="res\cur00001.cur">
      <Filter>Resource Files</Filter>
    </None>
    <None Include="res\cur00002.cur">
      <Filter>Resource Files</Filter>
    </None>
    <None Include="res\cur00003.cur">
      <Filter>Resource Files</Filter>
    </None>
    <None Include="res\cur00004.cur">
      <Filter>Resource Files</Filter>
    </None>
    <None Include="res\cur00005.cur">
      <Filter>Resource Files</Filter>
    </None>
    <None Include="res\cur00006.cur">
      <Filter>Resource Files</Filter>
    </None>
    <None Include="res\cur00007.cur">
      <Filter>Resource Files</Filter>
    </None>
    <None Include="res\cur00008.cur">
      <Filter>Resource Files</Filter>
    </None>
    <None Include="res\cur00009.cur">
      <Filter>Resource Files</Filter>
    </None>
    <None Include="res\cur00010.cur">
      <Filter>Resource Files</Filter>
    </None>
    <None Include="res\cur00011.cur">
      <Filter>Resource Files</Filter>
    </None>
    <None Include="res\cur00012.cur">
      <Filter>Resource Files</Filter>
    </None>
    <None Include="res\cur00013.cur">
      <Filter>Resource Files</Filter>
    </None>
    <None Include="res\cur00014.cur">
      <Filter>Resource Files</Filter>
    </None>
    <None Include="res\cur00015.cur">
      <Filter>Resource Files</Filter>
    </None>
    <None Include="res\cur00016.cur">
      <Filter>Resource Files</Filter>
    </None>
    <None Include="res\cur00017.cur">
      <Filter>Resource Files</Filter>
    </None>
    <None Include="res\cursor.ico">
      <Filter>Resource Files</Filter>
    </None>
    <None Include="res\cursor1.cur">
      <Filter>Resource Files</Filter>
    </None>
    <None Include="res\cursor2.cur">
      <Filter>Resource Files</Filter>
    </None>
    <None Include="res\cursordo.cur">
      <Filter>Resource Files</Filter>
    </None>
    <None Include="res\cursorli.cur">
      <Filter>Resource Files</Filter>
    </None>
    <None Include="res\cursorre.cur">
      <Filter>Resource Files</Filter>
    </None>
    <None Include="res\cursorup.cur">
      <Filter>Resource Files</Filter>
    </None>
    <None Include="res\delete.ico">
      <Filter>Resource Files</Filter>
    </None>
    <None Include="res\dither.ico">
      <Filter>Resource Files</Filter>
    </None>
    <None Include="res\Down.bmp">
      <Filter>Resource Files</Filter>
    </None>
    <None Include="res\draw_brush.ico">
      <Filter>Resource Files</Filter>
    </None>
    <None Include="res\draw_replace.ico">
      <Filter>Resource Files</Filter>
    </None>
    <None Include="res\draw_zoom.ico">
      <Filter>Resource Files</Filter>
    </None>
    <None Include="res\edit.ico">
      <Filter>Resource Files</Filter>
    </None>
    <None Include="res\edit_copy.ico">
      <Filter>Resource Files</Filter>
    </None>
    <None Include="res\edit_cut.ico">
      <Filter>Resource Files</Filter>
    </None>
    <None Include="res\edit_paste.ico">
      <Filter>Resource Files</Filter>
    </None>
    <None Include="res\ellipse.ico">
      <Filter>Resource Files</Filter>
    </None>
    <None Include="res\ellipse_solid.ico">
      <Filter>Resource Files</Filter>
    </None>
    <None Include="res\fakeego.ico">
      <Filter>Resource Files</Filter>
    </None>
    <None Include="res\file_open.ico">
      <Filter>Resource Files</Filter>
    </None>
    <None Include="res\file_save.ico">
      <Filter>Resource Files</Filter>
    </None>
    <None Include="res\find.ico">
      <Filter>Resource Files</Filter>
    </None>
    <None Include="res\fliphorz.ico">
      <Filter>Resource Files</Filter>
    </None>
    <None Include="res\flipvert.ico">
      <Filter>Resource Files</Filter>
    </None>
    <None Include="res\floodfill.ico">
      <Filter>Resource Files</Filter>
    </None>
    <None Include="res\font.ico">
      <Filter>Resource Files</Filter>
    </None>
    <None Include="res\greyscale.ico">
      <Filter>Resource Files</Filter>
    </None>
    <None Include="res\ico00001.ico">
      <Filter>Resource Files</Filter>
    </None>
    <None Include="res\ico00002.ico">
      <Filter>Resource Files</Filter>
    </None>
    <None Include="res\ico00003.ico">
      <Filter>Resource Files</Filter>
    </None>
    <None Include="res\ico00004.ico">
      <Filter>Resource Files</Filter>
    </None>
    <None Include="res\ico00005.ico">
      <Filter>Resource Files</Filter>
    </None>
    <None Include="res\ico00006.ico">
      <Filter>Resource Files</Filter>
    </None>
    <None Include="res\ico00007.ico">
      <Filter>Resource Files</Filter>
    </None>
    <None Include="res\icon1.ico">
      <Filter>Resource Files</Filter>
    </None>
    <None Include="res\icon2.ico">
      <Filter>Resource Files</Filter>
    </None>
    <None Include="res\icon3.ico">
      <Filter>Resource Files</Filter>
    </None>
    <None Include="res\idr_voca.ico">
      <Filter>Resource Files</Filter>
    </None>
    <None Include="res\image_sequence.ico">
      <Filter>Resource Files</Filter>
    </None>
    <None Include="res\invert.ico">
      <Filter>Resource Files</Filter>
    </None>
    <None Include="res\Left.bmp">
      <Filter>Resource Files</Filter>
    </None>
    <None Include="res\lightup.ico">
      <Filter>Resource Files</Filter>
    </None>
    <None Include="res\line.ico">
      <Filter>Resource Files</Filter>
    </None>
    <None Include="res\loadtrace.ico">
      <Filter>Resource Files</Filter>
    </None>
    <None Include="res\main_back.ico">
      <Filter>Resource Files</Filter>
    </None>
    <None Include="res\main_forward.ico">
      <Filter>Resource Files</Filter>
    </None>
    <None Include="res\main_properties.ico">
      <Filter>Resource Files</Filter>
    </None>
    <None Include="res\main_rebuild.ico">
      <Filter>Resource Files</Filter>
    </None>
    <None Include="res\main_run.ico">
      <Filter>Resource Files</Filter>
    </None>
    <None Include="crysedit\mg_cur.cur">
      <Filter>Resource Files</Filter>
    </None>
    <None Include="crysedit\mg_icons.bmp">
      <Filter>Resource Files</Filter>
    </None>
    <None Include="res\movedown.ico">
      <Filter>Resource Files</Filter>
    </None>
    <None Include="res\moveup.ico">
      <Filter>Resource Files</Filter>
    </None>
    <None Include="res\newcursor.ico">
      <Filter>Resource Files</Filter>
    </None>
    <None Include="res\newfont.ico">
      <Filter>Resource Files</Filter>
    </None>
    <None Include="res\newpic.ico">
      <Filter>Resource Files</Filter>
    </None>
    <None Include="res\newroom.ico">
      <Filter>Resource Files</Filter>
    </None>
    <None Include="res\newscript.ico">
      <Filter>Resource Files</Filter>
    </None>
    <None Include="res\newsound.ico">
      <Filter>Resource Files</Filter>
    </None>
    <None Include="res\newtext.ico">
      <Filter>Resource Files</Filter>
    </None>
    <None Include="res\newview.ico">
      <Filter>Resource Files</Filter>
    </None>
    <None Include="res\newword.ico">
      <Filter>Resource Files</Filter>
    </None>
    <None Include="res\palette.ico">
      <Filter>Resource Files</Filter>
    </None>
    <None Include="res\palette0.ico">
      <Filter>Resource Files</Filter>
    </None>
    <None Include="res\palette1.ico">
      <Filter>Resource Files</Filter>
    </None>
    <None Include="res\palette2.ico">
      <Filter>Resource Files</Filter>
    </None>
    <None Include="res\palette3.ico">
      <Filter>Resource Files</Filter>
    </None>
    <None Include="res\patch.ico">
      <Filter>Resource Files</Filter>
    </None>
    <None Include="res\pause.ico">
      <Filter>Resource Files</Filter>
    </None>
    <None Include="res\pic.ico">
      <Filter>Resource Files</Filter>
    </None>
    <None Include="res\pic_history.ico">
      <Filter>Resource Files</Filter>
    </None>
    <None Include="res\picthumb_highlight.bmp">
      <Filter>Resource Files</Filter>
    </None>
    <None Include="res\placement.ico">
      <Filter>Resource Files</Filter>
    </None>
    <None Include="res\play.ico">
      <Filter>Resource Files</Filter>
    </None>
    <None Include="res\preferences.ico">
      <Filter>Resource Files</Filter>
    </None>
    <None Include="res\prioritylines.ico">
      <Filter>Resource Files</Filter>
    </None>
    <None Include="res\rect.ico">
      <Filter>Resource Files</Filter>
    </None>
    <None Include="res\rect_solid.ico">
      <Filter>Resource Files</Filter>
    </None>
    <None Include="res\Right.bmp">
      <Filter>Resource Files</Filter>
    </None>
    <None Include="res\roundedrect.ico">
      <Filter>Resource Files</Filter>
    </None>
    <None Include="res\roundedrect_solid.ico">
      <Filter>Resource Files</Filter>
    </None>
    <None Include="res\SCIPicEditor.ico">
      <Filter>Resource Files</Filter>
    </None>
    <None Include="res\SCIPicEditor.rc2">
      <Filter>Resource Files</Filter>
    </None>
    <None Include="res\SCIPicEditorDoc.ico">
      <Filter>Resource Files</Filter>
    </None>
    <None Include="res\SCIText.ico">
      <Filter>Resource Files</Filter>
    </None>
    <None Include="res\screencontrol.ico">
      <Filter>Resource Files</Filter>
    </None>
    <None Include="res\screenpri.ico">
      <Filter>Resource Files</Filter>
    </None>
    <None Include="res\screenvisual.ico">
      <Filter>Resource Files</Filter>
    </None>
    <None Include="res\script.ico">
      <Filter>Resource Files</Filter>
    </None>
    <None Include="res\script_compile.ico">
      <Filter>Resource Files</Filter>
    </None>
    <None Include="res\script_compileall.ico">
      <Filter>Resource Files</Filter>
    </None>
    <None Include="res\script_convert.ico">
      <Filter>Resource Files</Filter>
    </None>
    <None Include="res\script_insert_object.ico">
      <Filter>Resource Files</Filter>
    </None>
    <None Include="res\showtrace.ico">
      <Filter>Resource Files</Filter>
    </None>
    <None Include="res\sound.ico">
      <Filter>Resource Files</Filter>
    </None>
    <None Include="res\stop.ico">
      <Filter>Resource Files</Filter>
    </None>
    <None Include="res\TabPic.bmp">
      <Filter>Resource Files</Filter>
    </None>
    <None Include="res\TabPicNS.bmp">
      <Filter>Resource Files</Filter>
    </None>
    <None Include="res\TabScript.bmp">
      <Filter>Resource Files</Filter>
    </None>
    <None Include="res\TabView.bmp">
      <Filter>Resource Files</Filter>
    </None>
    <None Include="res\text.ico">
      <Filter>Resource Files</Filter>
    </None>
    <None Include="res\Toolbar.bmp">
      <Filter>Resource Files</Filter>
    </None>
    <None Include="res\toolbar1.bmp">
      <Filter>Resource Files</Filter>
    </None>
    <None Include="res\toolbar2.bmp">
      <Filter>Resource Files</Filter>
    </None>
    <None Include="res\toolbard.bmp">
      <Filter>Resource Files</Filter>
    </None>
    <None Include="res\toolbart.bmp">
      <Filter>Resource Files</Filter>
    </None>
    <None Include="res\Up.bmp">
      <Filter>Resource Files</Filter>
    </None>
    <None Include="res\view.ico">
      <Filter>Resource Files</Filter>
    </None>
    <None Include="res\view_details.ico">
      <Filter>Resource Files</Filter>
    </None>
    <None Include="res\view_icons.ico">
      <Filter>Resource Files</Filter>
    </None>
    <None Include="res\Vocab.ico">
      <Filter>Resource Files</Filter>
    </None>
    <None Include="res\vpc_highlight.bmp">
      <Filter>Resource Files</Filter>
    </None>
    <None Include="res\vpc_highlightx.bmp">
      <Filter>Resource Files</Filter>
    </None>
    <None Include="ReadMe.txt" />
    <None Include="SCIPicEditor.reg" />
  </ItemGroup>
  <ItemGroup>
    <ResourceCompile Include="crysedit\editres.rc">
      <Filter>Source Files</Filter>
    </ResourceCompile>
    <ResourceCompile Include="SCIPicEditor.rc">
      <Filter>Resource Files</Filter>
    </ResourceCompile>
  </ItemGroup>
  <ItemGroup>
    <Manifest Include="res\SCIPicEditor.manifest" />
  </ItemGroup>
  <ItemGroup>
    <CustomBuild Include="Help\SCIComp.chm" />
  </ItemGroup>
</Project>