Microsoft Visual Studio Solution File, Format Version 8.00
Project("{8BC9CEB8-8B4A-11D0-8D11-00A0C91BC942}") = "LibPNG", "LibPNG_710.vcproj", "{449E8168-4A0A-4F33-9A7D-1F51DA1060B6}"
	ProjectSection(ProjectDependencies) = postProject
	EndProjectSection
EndProject
Global
	GlobalSection(SolutionConfiguration) = preSolution
		Used LIBs Debug (DLL CRT) = Used LIBs Debug (DLL CRT)
		Used LIBs Debug (LIB CRT) = Used LIBs Debug (LIB CRT)
		Used LIBs Release (DLL CRT) = Used LIBs Release (DLL CRT)
		Used LIBs Release (LIB CRT) = Used LIBs Release (LIB CRT)
	EndGlobalSection
	GlobalSection(ProjectConfiguration) = postSolution
		{449E8168-4A0A-4F33-9A7D-1F51DA1060B6}.Used LIBs Debug (DLL CRT).ActiveCfg = Used LIBs Debug (DLL CRT)|Win32
		{449E8168-4A0A-4F33-9A7D-1F51DA1060B6}.Used LIBs Debug (DLL CRT).Build.0 = Used LIBs Debug (DLL CRT)|Win32
		{449E8168-4A0A-4F33-9A7D-1F51DA1060B6}.Used LIBs Debug (LIB CRT).ActiveCfg = Used LIBs Debug (LIB CRT)|Win32
		{449E8168-4A0A-4F33-9A7D-1F51DA1060B6}.Used LIBs Debug (LIB CRT).Build.0 = Used LIBs Debug (LIB CRT)|Win32
		{449E8168-4A0A-4F33-9A7D-1F51DA1060B6}.Used LIBs Release (DLL CRT).ActiveCfg = Used LIBs Release (DLL CRT)|Win32
		{449E8168-4A0A-4F33-9A7D-1F51DA1060B6}.Used LIBs Release (DLL CRT).Build.0 = Used LIBs Release (DLL CRT)|Win32
		{449E8168-4A0A-4F33-9A7D-1F51DA1060B6}.Used LIBs Release (LIB CRT).ActiveCfg = Used LIBs Release (LIB CRT)|Win32
		{449E8168-4A0A-4F33-9A7D-1F51DA1060B6}.Used LIBs Release (LIB CRT).Build.0 = Used LIBs Release (LIB CRT)|Win32
	EndGlobalSection
	GlobalSection(ExtensibilityGlobals) = postSolution
	EndGlobalSection
	GlobalSection(ExtensibilityAddIns) = postSolution
	EndGlobalSection
EndGlobal
