
Microsoft Visual Studio Solution File, Format Version 11.00
# Visual Studio 10
Project("{8BC9CEB8-8B4A-11D0-8D11-00A0C91BC942}") = "MacedonianProfUIS", "MacedonianProfUIS_1000.vcxproj", "{FA5932DA-DBAC-43CD-94C6-63FC1F844F43}"
EndProject
Global
	GlobalSection(SolutionConfigurationPlatforms) = preSolution
		Macedonian|Win32 = Macedonian|Win32
	EndGlobalSection
	GlobalSection(ProjectConfigurationPlatforms) = postSolution
		{FA5932DA-DBAC-43CD-94C6-63FC1F844F43}.Macedonian|Win32.ActiveCfg = Macedonian|Win32
		{FA5932DA-DBAC-43CD-94C6-63FC1F844F43}.Macedonian|Win32.Build.0 = Macedonian|Win32
	EndGlobalSection
	GlobalSection(SolutionProperties) = preSolution
		HideSolutionNode = FALSE
	EndGlobalSection
EndGlobal
