Microsoft Visual Studio Solution File, Format Version 9.00
# Visual Studio 2005
Project("{8BC9CEB8-8B4A-11D0-8D11-00A0C91BC942}") = "ProfSkinDLL", "ProfSkinDLL_800.vcproj", "{7EC27540-4120-4388-B548-15B5348C4B79}"
EndProject
Global
	GlobalSection(SolutionConfigurationPlatforms) = preSolution
		ANSI Debug RDE|Win32 = ANSI Debug RDE|Win32
		ANSI Debug|Win32 = ANSI Debug|Win32
		ANSI Release RDE|Win32 = ANSI Release RDE|Win32
		ANSI Release|Win32 = ANSI Release|Win32
		MBCS Debug RDE|Win32 = MBCS Debug RDE|Win32
		MBCS Debug|Win32 = MBCS Debug|Win32
		MBCS Release RDE|Win32 = MBCS Release RDE|Win32
		MBCS Release|Win32 = MBCS Release|Win32
		Unicode Debug RDE|Win32 = Unicode Debug RDE|Win32
		Unicode Debug|Win32 = Unicode Debug|Win32
		Unicode Release RDE|Win32 = Unicode Release RDE|Win32
		Unicode Release|Win32 = Unicode Release|Win32
	EndGlobalSection
	GlobalSection(ProjectConfigurationPlatforms) = postSolution
		{7EC27540-4120-4388-B548-15B5348C4B79}.ANSI Debug RDE|Win32.ActiveCfg = ANSI Debug RDE|Win32
		{7EC27540-4120-4388-B548-15B5348C4B79}.ANSI Debug RDE|Win32.Build.0 = ANSI Debug RDE|Win32
		{7EC27540-4120-4388-B548-15B5348C4B79}.ANSI Debug|Win32.ActiveCfg = ANSI Debug|Win32
		{7EC27540-4120-4388-B548-15B5348C4B79}.ANSI Debug|Win32.Build.0 = ANSI Debug|Win32
		{7EC27540-4120-4388-B548-15B5348C4B79}.ANSI Release RDE|Win32.ActiveCfg = ANSI Release RDE|Win32
		{7EC27540-4120-4388-B548-15B5348C4B79}.ANSI Release RDE|Win32.Build.0 = ANSI Release RDE|Win32
		{7EC27540-4120-4388-B548-15B5348C4B79}.ANSI Release|Win32.ActiveCfg = ANSI Release|Win32
		{7EC27540-4120-4388-B548-15B5348C4B79}.ANSI Release|Win32.Build.0 = ANSI Release|Win32
		{7EC27540-4120-4388-B548-15B5348C4B79}.MBCS Debug RDE|Win32.ActiveCfg = MBCS Debug RDE|Win32
		{7EC27540-4120-4388-B548-15B5348C4B79}.MBCS Debug RDE|Win32.Build.0 = MBCS Debug RDE|Win32
		{7EC27540-4120-4388-B548-15B5348C4B79}.MBCS Debug|Win32.ActiveCfg = MBCS Debug|Win32
		{7EC27540-4120-4388-B548-15B5348C4B79}.MBCS Debug|Win32.Build.0 = MBCS Debug|Win32
		{7EC27540-4120-4388-B548-15B5348C4B79}.MBCS Release RDE|Win32.ActiveCfg = MBCS Release RDE|Win32
		{7EC27540-4120-4388-B548-15B5348C4B79}.MBCS Release RDE|Win32.Build.0 = MBCS Release RDE|Win32
		{7EC27540-4120-4388-B548-15B5348C4B79}.MBCS Release|Win32.ActiveCfg = MBCS Release|Win32
		{7EC27540-4120-4388-B548-15B5348C4B79}.MBCS Release|Win32.Build.0 = MBCS Release|Win32
		{7EC27540-4120-4388-B548-15B5348C4B79}.Unicode Debug RDE|Win32.ActiveCfg = Unicode Debug RDE|Win32
		{7EC27540-4120-4388-B548-15B5348C4B79}.Unicode Debug RDE|Win32.Build.0 = Unicode Debug RDE|Win32
		{7EC27540-4120-4388-B548-15B5348C4B79}.Unicode Debug|Win32.ActiveCfg = Unicode Debug|Win32
		{7EC27540-4120-4388-B548-15B5348C4B79}.Unicode Debug|Win32.Build.0 = Unicode Debug|Win32
		{7EC27540-4120-4388-B548-15B5348C4B79}.Unicode Release RDE|Win32.ActiveCfg = Unicode Release RDE|Win32
		{7EC27540-4120-4388-B548-15B5348C4B79}.Unicode Release RDE|Win32.Build.0 = Unicode Release RDE|Win32
		{7EC27540-4120-4388-B548-15B5348C4B79}.Unicode Release|Win32.ActiveCfg = Unicode Release|Win32
		{7EC27540-4120-4388-B548-15B5348C4B79}.Unicode Release|Win32.Build.0 = Unicode Release|Win32
	EndGlobalSection
	GlobalSection(SolutionProperties) = preSolution
		HideSolutionNode = FALSE
	EndGlobalSection
EndGlobal
