Microsoft Visual Studio Solution File, Format Version 10.00
# Visual Studio 2008
Project("{8BC9CEB8-8B4A-11D0-8D11-00A0C91BC942}") = "VietnameseProfUIS", "VietnameseProfUIS_900_ia64.vcproj", "{B2CE4487-A785-4ADF-AC82-2B64782E4548}"
EndProject
Global
	GlobalSection(SolutionConfigurationPlatforms) = preSolution
		Vietnamese|Itanium = Vietnamese|Itanium
	EndGlobalSection
	GlobalSection(ProjectConfigurationPlatforms) = postSolution
		{B2CE4487-A785-4ADF-AC82-2B64782E4548}.Vietnamese|Itanium.ActiveCfg = Vietnamese|Itanium
		{B2CE4487-A785-4ADF-AC82-2B64782E4548}.Vietnamese|Itanium.Build.0 = Vietnamese|Itanium
	EndGlobalSection
	GlobalSection(SolutionProperties) = preSolution
		HideSolutionNode = FALSE
	EndGlobalSection
EndGlobal
