
Microsoft Visual Studio Solution File, Format Version 11.00
# Visual Studio 10
Project("{8BC9CEB8-8B4A-11D0-8D11-00A0C91BC942}") = "EasternArmenianLanguageSwitcher", "EasternArmenianLanguageSwitcher_1000.vcxproj", "{754A5E76-2E3E-4FD4-B102-D4DF8600C0A8}"
EndProject
Global
	GlobalSection(SolutionConfigurationPlatforms) = preSolution
		EasternArmenian|Win32 = EasternArmenian|Win32
	EndGlobalSection
	GlobalSection(ProjectConfigurationPlatforms) = postSolution
		{754A5E76-2E3E-4FD4-B102-D4DF8600C0A8}.EasternArmenian|Win32.ActiveCfg = EasternArmenian|Win32
		{754A5E76-2E3E-4FD4-B102-D4DF8600C0A8}.EasternArmenian|Win32.Build.0 = EasternArmenian|Win32
	EndGlobalSection
	GlobalSection(SolutionProperties) = preSolution
		HideSolutionNode = FALSE
	EndGlobalSection
EndGlobal
