Microsoft Visual Studio Solution File, Format Version 10.00
# Visual Studio 2008
Project("{8BC9CEB8-8B4A-11D0-8D11-00A0C91BC942}") = "FarsiProfUIS", "FarsiProfUIS_900_ia64.vcproj", "{AFEEC31C-79FB-467D-801C-714A6BAC19E9}"
EndProject
Global
	GlobalSection(SolutionConfigurationPlatforms) = preSolution
		Farsi|Itanium = Farsi|Itanium
	EndGlobalSection
	GlobalSection(ProjectConfigurationPlatforms) = postSolution
		{AFEEC31C-79FB-467D-801C-714A6BAC19E9}.Farsi|Itanium.ActiveCfg = Farsi|Itanium
		{AFEEC31C-79FB-467D-801C-714A6BAC19E9}.Farsi|Itanium.Build.0 = Farsi|Itanium
	EndGlobalSection
	GlobalSection(SolutionProperties) = preSolution
		HideSolutionNode = FALSE
	EndGlobalSection
EndGlobal
