
Microsoft Visual Studio Solution File, Format Version 11.00
# Visual Studio 10
Project("{8BC9CEB8-8B4A-11D0-8D11-00A0C91BC942}") = "BosnianProfUIS", "BosnianProfUIS_1000.vcxproj", "{871654EF-D393-45BB-9C53-B640571654FD}"
EndProject
Global
	GlobalSection(SolutionConfigurationPlatforms) = preSolution
		Bosnian|Win32 = Bosnian|Win32
	EndGlobalSection
	GlobalSection(ProjectConfigurationPlatforms) = postSolution
		{871654EF-D393-45BB-9C53-B640571654FD}.Bosnian|Win32.ActiveCfg = Bosnian|Win32
		{871654EF-D393-45BB-9C53-B640571654FD}.Bosnian|Win32.Build.0 = Bosnian|Win32
	EndGlobalSection
	GlobalSection(SolutionProperties) = preSolution
		HideSolutionNode = FALSE
	EndGlobalSection
EndGlobal
