Microsoft Visual Studio Solution File, Format Version 10.00
# Visual Studio 2008
Project("{8BC9CEB8-8B4A-11D0-8D11-00A0C91BC942}") = "KhmerLanguageSwitcher", "KhmerLanguageSwitcher_900_ia64.vcproj", "{E07EC5E5-40B2-4354-9B94-5463477A3812}"
EndProject
Global
	GlobalSection(SolutionConfigurationPlatforms) = preSolution
		Khmer|Itanium = Khmer|Itanium
	EndGlobalSection
	GlobalSection(ProjectConfigurationPlatforms) = postSolution
		{E07EC5E5-40B2-4354-9B94-5463477A3812}.Khmer|Itanium.ActiveCfg = Khmer|Itanium
		{E07EC5E5-40B2-4354-9B94-5463477A3812}.Khmer|Itanium.Build.0 = Khmer|Itanium
	EndGlobalSection
	GlobalSection(SolutionProperties) = preSolution
		HideSolutionNode = FALSE
	EndGlobalSection
EndGlobal
